Microsoft Visual Studio Solution File, Format Version 12.00
# Visual Studio 2012
Project("{FAE04EC0-301F-11D3-BF4B-00C04F79EFBC}") = "Godot Engine c# Prueba maquina estados", "Godot Engine c# Prueba maquina estados.csproj", "{66A1D9DA-E780-4EE0-A6E6-C2205AA7597D}"
EndProject
Global
	GlobalSection(SolutionConfigurationPlatforms) = preSolution
	Debug|Any CPU = Debug|Any CPU
	ExportDebug|Any CPU = ExportDebug|Any CPU
	ExportRelease|Any CPU = ExportRelease|Any CPU
	EndGlobalSection
	GlobalSection(ProjectConfigurationPlatforms) = postSolution
		{66A1D9DA-E780-4EE0-A6E6-C2205AA7597D}.Debug|Any CPU.ActiveCfg = Debug|Any CPU
		{66A1D9DA-E780-4EE0-A6E6-C2205AA7597D}.Debug|Any CPU.Build.0 = Debug|Any CPU
		{66A1D9DA-E780-4EE0-A6E6-C2205AA7597D}.ExportDebug|Any CPU.ActiveCfg = ExportDebug|Any CPU
		{66A1D9DA-E780-4EE0-A6E6-C2205AA7597D}.ExportDebug|Any CPU.Build.0 = ExportDebug|Any CPU
		{66A1D9DA-E780-4EE0-A6E6-C2205AA7597D}.ExportRelease|Any CPU.ActiveCfg = ExportRelease|Any CPU
		{66A1D9DA-E780-4EE0-A6E6-C2205AA7597D}.ExportRelease|Any CPU.Build.0 = ExportRelease|Any CPU
	EndGlobalSection
EndGlobal
