Microsoft Visual Studio Solution File, Format Version 12.00
# Visual Studio 2012
Project("{FAE04EC0-301F-11D3-BF4B-00C04F79EFBC}") = "Godot engine raycast2D y 3D colision", "Godot engine raycast2D y 3D colision.csproj", "{4A069B26-B901-4186-8CD0-9FC46DC74B19}"
EndProject
Global
	GlobalSection(SolutionConfigurationPlatforms) = preSolution
	Debug|Any CPU = Debug|Any CPU
	ExportDebug|Any CPU = ExportDebug|Any CPU
	ExportRelease|Any CPU = ExportRelease|Any CPU
	EndGlobalSection
	GlobalSection(ProjectConfigurationPlatforms) = postSolution
		{4A069B26-B901-4186-8CD0-9FC46DC74B19}.Debug|Any CPU.ActiveCfg = Debug|Any CPU
		{4A069B26-B901-4186-8CD0-9FC46DC74B19}.Debug|Any CPU.Build.0 = Debug|Any CPU
		{4A069B26-B901-4186-8CD0-9FC46DC74B19}.ExportDebug|Any CPU.ActiveCfg = ExportDebug|Any CPU
		{4A069B26-B901-4186-8CD0-9FC46DC74B19}.ExportDebug|Any CPU.Build.0 = ExportDebug|Any CPU
		{4A069B26-B901-4186-8CD0-9FC46DC74B19}.ExportRelease|Any CPU.ActiveCfg = ExportRelease|Any CPU
		{4A069B26-B901-4186-8CD0-9FC46DC74B19}.ExportRelease|Any CPU.Build.0 = ExportRelease|Any CPU
	EndGlobalSection
EndGlobal
