Microsoft Visual Studio Solution File, Format Version 12.00
# Visual Studio 2012
Project("{FAE04EC0-301F-11D3-BF4B-00C04F79EFBC}") = "Godot Engine c# drag and drop", "Godot Engine c# drag and drop.csproj", "{D916BE4A-F65B-485F-B08F-89D36C4F8E85}"
EndProject
Global
	GlobalSection(SolutionConfigurationPlatforms) = preSolution
	Debug|Any CPU = Debug|Any CPU
	ExportDebug|Any CPU = ExportDebug|Any CPU
	ExportRelease|Any CPU = ExportRelease|Any CPU
	EndGlobalSection
	GlobalSection(ProjectConfigurationPlatforms) = postSolution
		{D916BE4A-F65B-485F-B08F-89D36C4F8E85}.Debug|Any CPU.ActiveCfg = Debug|Any CPU
		{D916BE4A-F65B-485F-B08F-89D36C4F8E85}.Debug|Any CPU.Build.0 = Debug|Any CPU
		{D916BE4A-F65B-485F-B08F-89D36C4F8E85}.ExportDebug|Any CPU.ActiveCfg = ExportDebug|Any CPU
		{D916BE4A-F65B-485F-B08F-89D36C4F8E85}.ExportDebug|Any CPU.Build.0 = ExportDebug|Any CPU
		{D916BE4A-F65B-485F-B08F-89D36C4F8E85}.ExportRelease|Any CPU.ActiveCfg = ExportRelease|Any CPU
		{D916BE4A-F65B-485F-B08F-89D36C4F8E85}.ExportRelease|Any CPU.Build.0 = ExportRelease|Any CPU
	EndGlobalSection
EndGlobal
