Microsoft Visual Studio Solution File, Format Version 12.00
# Visual Studio 2012
Project("{FAE04EC0-301F-11D3-BF4B-00C04F79EFBC}") = "Godot engine c# crear nodos por codigo", "Godot engine c# crear nodos por codigo.csproj", "{C5AF012C-2E6C-4FC8-B077-895C8FE69CFC}"
EndProject
Global
	GlobalSection(SolutionConfigurationPlatforms) = preSolution
	Debug|Any CPU = Debug|Any CPU
	ExportDebug|Any CPU = ExportDebug|Any CPU
	ExportRelease|Any CPU = ExportRelease|Any CPU
	EndGlobalSection
	GlobalSection(ProjectConfigurationPlatforms) = postSolution
		{C5AF012C-2E6C-4FC8-B077-895C8FE69CFC}.Debug|Any CPU.ActiveCfg = Debug|Any CPU
		{C5AF012C-2E6C-4FC8-B077-895C8FE69CFC}.Debug|Any CPU.Build.0 = Debug|Any CPU
		{C5AF012C-2E6C-4FC8-B077-895C8FE69CFC}.ExportDebug|Any CPU.ActiveCfg = ExportDebug|Any CPU
		{C5AF012C-2E6C-4FC8-B077-895C8FE69CFC}.ExportDebug|Any CPU.Build.0 = ExportDebug|Any CPU
		{C5AF012C-2E6C-4FC8-B077-895C8FE69CFC}.ExportRelease|Any CPU.ActiveCfg = ExportRelease|Any CPU
		{C5AF012C-2E6C-4FC8-B077-895C8FE69CFC}.ExportRelease|Any CPU.Build.0 = ExportRelease|Any CPU
	EndGlobalSection
EndGlobal
